
Microsoft Visual Studio Solution File, Format Version 11.00
# Visual Studio 2010
Project("{8BC9CEB8-8B4A-11D0-8D11-00A0C91BC942}") = "214101018_vowelRecognition", "214101018_vowelRecognition\214101018_vowelRecognition.vcxproj", "{64288801-28F3-46EA-BE5C-487214374174}"
EndProject
Global
	GlobalSection(SolutionConfigurationPlatforms) = preSolution
		Debug|Win32 = Debug|Win32
		Release|Win32 = Release|Win32
	EndGlobalSection
	GlobalSection(ProjectConfigurationPlatforms) = postSolution
		{64288801-28F3-46EA-BE5C-487214374174}.Debug|Win32.ActiveCfg = Debug|Win32
		{64288801-28F3-46EA-BE5C-487214374174}.Debug|Win32.Build.0 = Debug|Win32
		{64288801-28F3-46EA-BE5C-487214374174}.Release|Win32.ActiveCfg = Release|Win32
		{64288801-28F3-46EA-BE5C-487214374174}.Release|Win32.Build.0 = Release|Win32
	EndGlobalSection
	GlobalSection(SolutionProperties) = preSolution
		HideSolutionNode = FALSE
	EndGlobalSection
EndGlobal
